
Microsoft Visual Studio Solution File, Format Version 12.00
# Visual Studio Version 17
VisualStudioVersion = 17.1.32414.318
MinimumVisualStudioVersion = 10.0.40219.1
Project("{FAE04EC0-301F-11D3-BF4B-00C04F79EFBC}") = "Exercise3MyDocuments", "Exercise3MyDocuments\Exercise3MyDocuments.csproj", "{292C895D-7ADC-43BF-B3BD-3452CBEB1AEC}"
EndProject
Global
	GlobalSection(SolutionConfigurationPlatforms) = preSolution
		Debug|Any CPU = Debug|Any CPU
		Release|Any CPU = Release|Any CPU
	EndGlobalSection
	GlobalSection(ProjectConfigurationPlatforms) = postSolution
		{292C895D-7ADC-43BF-B3BD-3452CBEB1AEC}.Debug|Any CPU.ActiveCfg = Debug|Any CPU
		{292C895D-7ADC-43BF-B3BD-3452CBEB1AEC}.Debug|Any CPU.Build.0 = Debug|Any CPU
		{292C895D-7ADC-43BF-B3BD-3452CBEB1AEC}.Release|Any CPU.ActiveCfg = Release|Any CPU
		{292C895D-7ADC-43BF-B3BD-3452CBEB1AEC}.Release|Any CPU.Build.0 = Release|Any CPU
	EndGlobalSection
	GlobalSection(SolutionProperties) = preSolution
		HideSolutionNode = FALSE
	EndGlobalSection
	GlobalSection(ExtensibilityGlobals) = postSolution
		SolutionGuid = {9EDFE963-3422-48FB-A887-055176EAD8CC}
	EndGlobalSection
EndGlobal
